
Microsoft Visual Studio Solution File, Format Version 12.00
# Visual Studio Version 17
VisualStudioVersion = 17.9.34728.123
MinimumVisualStudioVersion = 10.0.40219.1
Project("{9A19103F-16F7-4668-BE54-9A1E7A4F7556}") = "RentFinder", "src\RentFinder\RentFinder.csproj", "{39F1E3F2-DBCE-4FFC-95BE-B6C86BB781C8}"
EndProject
Project("{2150E333-8FDC-42A3-9474-1A3956D46DE8}") = "src", "src", "{77703A94-AC58-49CF-B473-58CD4C434768}"
EndProject
Project("{2150E333-8FDC-42A3-9474-1A3956D46DE8}") = "tests", "tests", "{4F0CFDDE-A489-4000-B83E-1A3DF7D38126}"
EndProject
Project("{9A19103F-16F7-4668-BE54-9A1E7A4F7556}") = "RentFinder.AppHost", "src\RentFinder.AppHost\RentFinder.AppHost.csproj", "{B0DF63A0-9129-4A00-ABF0-29A03374445B}"
EndProject
Project("{9A19103F-16F7-4668-BE54-9A1E7A4F7556}") = "EventBus", "src\EventBus\EventBus.csproj", "{BE3E78B6-17B2-4B01-B580-91867CB1EF4D}"
EndProject
Project("{9A19103F-16F7-4668-BE54-9A1E7A4F7556}") = "Bookings.Api", "src\Bookings.Api\Bookings.Api.csproj", "{58614B55-7240-4461-BA06-A6C98F8892F0}"
EndProject
Project("{FAE04EC0-301F-11D3-BF4B-00C04F79EFBC}") = "Bookings.Domain", "src\Bookings.Domain\Bookings.Domain.csproj", "{A02EFE64-C806-4940-9771-3B827AAF1067}"
EndProject
Project("{FAE04EC0-301F-11D3-BF4B-00C04F79EFBC}") = "Bookings.Infrastructure", "src\Bookings.Infrastructure\Bookings.Infrastructure.csproj", "{885D486B-93C1-4FC8-9EF5-980F6BFFA242}"
Project("{FAE04EC0-301F-11D3-BF4B-00C04F79EFBC}") = "EventBusRabbitMQ", "src\EventBusRabbitMQ\EventBusRabbitMQ.csproj", "{47E2546F-CC86-4E6E-8D95-7B5C646E57B9}"

EndProject
Global
	GlobalSection(SolutionConfigurationPlatforms) = preSolution
		Debug|Any CPU = Debug|Any CPU
		Release|Any CPU = Release|Any CPU
	EndGlobalSection
	GlobalSection(ProjectConfigurationPlatforms) = postSolution
		{39F1E3F2-DBCE-4FFC-95BE-B6C86BB781C8}.Debug|Any CPU.ActiveCfg = Debug|Any CPU
		{39F1E3F2-DBCE-4FFC-95BE-B6C86BB781C8}.Debug|Any CPU.Build.0 = Debug|Any CPU
		{39F1E3F2-DBCE-4FFC-95BE-B6C86BB781C8}.Release|Any CPU.ActiveCfg = Release|Any CPU
		{39F1E3F2-DBCE-4FFC-95BE-B6C86BB781C8}.Release|Any CPU.Build.0 = Release|Any CPU
		{B0DF63A0-9129-4A00-ABF0-29A03374445B}.Debug|Any CPU.ActiveCfg = Debug|Any CPU
		{B0DF63A0-9129-4A00-ABF0-29A03374445B}.Debug|Any CPU.Build.0 = Debug|Any CPU
		{B0DF63A0-9129-4A00-ABF0-29A03374445B}.Release|Any CPU.ActiveCfg = Release|Any CPU
		{B0DF63A0-9129-4A00-ABF0-29A03374445B}.Release|Any CPU.Build.0 = Release|Any CPU
		{BE3E78B6-17B2-4B01-B580-91867CB1EF4D}.Debug|Any CPU.ActiveCfg = Debug|Any CPU
		{BE3E78B6-17B2-4B01-B580-91867CB1EF4D}.Debug|Any CPU.Build.0 = Debug|Any CPU
		{BE3E78B6-17B2-4B01-B580-91867CB1EF4D}.Release|Any CPU.ActiveCfg = Release|Any CPU
		{BE3E78B6-17B2-4B01-B580-91867CB1EF4D}.Release|Any CPU.Build.0 = Release|Any CPU
		{58614B55-7240-4461-BA06-A6C98F8892F0}.Debug|Any CPU.ActiveCfg = Debug|Any CPU
		{58614B55-7240-4461-BA06-A6C98F8892F0}.Debug|Any CPU.Build.0 = Debug|Any CPU
		{58614B55-7240-4461-BA06-A6C98F8892F0}.Release|Any CPU.ActiveCfg = Release|Any CPU
		{58614B55-7240-4461-BA06-A6C98F8892F0}.Release|Any CPU.Build.0 = Release|Any CPU
		{A02EFE64-C806-4940-9771-3B827AAF1067}.Debug|Any CPU.ActiveCfg = Debug|Any CPU
		{A02EFE64-C806-4940-9771-3B827AAF1067}.Debug|Any CPU.Build.0 = Debug|Any CPU
		{A02EFE64-C806-4940-9771-3B827AAF1067}.Release|Any CPU.ActiveCfg = Release|Any CPU
		{A02EFE64-C806-4940-9771-3B827AAF1067}.Release|Any CPU.Build.0 = Release|Any CPU
		{885D486B-93C1-4FC8-9EF5-980F6BFFA242}.Debug|Any CPU.ActiveCfg = Debug|Any CPU
		{885D486B-93C1-4FC8-9EF5-980F6BFFA242}.Debug|Any CPU.Build.0 = Debug|Any CPU
		{885D486B-93C1-4FC8-9EF5-980F6BFFA242}.Release|Any CPU.ActiveCfg = Release|Any CPU
		{885D486B-93C1-4FC8-9EF5-980F6BFFA242}.Release|Any CPU.Build.0 = Release|Any CPU
		{47E2546F-CC86-4E6E-8D95-7B5C646E57B9}.Debug|Any CPU.ActiveCfg = Debug|Any CPU
		{47E2546F-CC86-4E6E-8D95-7B5C646E57B9}.Debug|Any CPU.Build.0 = Debug|Any CPU
		{47E2546F-CC86-4E6E-8D95-7B5C646E57B9}.Release|Any CPU.ActiveCfg = Release|Any CPU
		{47E2546F-CC86-4E6E-8D95-7B5C646E57B9}.Release|Any CPU.Build.0 = Release|Any CPU
	EndGlobalSection
	GlobalSection(SolutionProperties) = preSolution
		HideSolutionNode = FALSE
	EndGlobalSection
	GlobalSection(NestedProjects) = preSolution
		{39F1E3F2-DBCE-4FFC-95BE-B6C86BB781C8} = {77703A94-AC58-49CF-B473-58CD4C434768}
		{B0DF63A0-9129-4A00-ABF0-29A03374445B} = {77703A94-AC58-49CF-B473-58CD4C434768}
		{BE3E78B6-17B2-4B01-B580-91867CB1EF4D} = {77703A94-AC58-49CF-B473-58CD4C434768}
		{58614B55-7240-4461-BA06-A6C98F8892F0} = {77703A94-AC58-49CF-B473-58CD4C434768}
		{A02EFE64-C806-4940-9771-3B827AAF1067} = {77703A94-AC58-49CF-B473-58CD4C434768}
		{885D486B-93C1-4FC8-9EF5-980F6BFFA242} = {77703A94-AC58-49CF-B473-58CD4C434768}
		{47E2546F-CC86-4E6E-8D95-7B5C646E57B9} = {77703A94-AC58-49CF-B473-58CD4C434768}
	EndGlobalSection
	GlobalSection(ExtensibilityGlobals) = postSolution
		SolutionGuid = {0011511B-C029-47C0-99A6-15AC18990E86}
	EndGlobalSection
EndGlobal
