
Microsoft Visual Studio Solution File, Format Version 12.00
# Visual Studio Version 17
VisualStudioVersion = 17.9.34728.123
MinimumVisualStudioVersion = 10.0.40219.1
Project("{2150E333-8FDC-42A3-9474-1A3956D46DE8}") = "src", "src", "{77703A94-AC58-49CF-B473-58CD4C434768}"
EndProject
Project("{2150E333-8FDC-42A3-9474-1A3956D46DE8}") = "tests", "tests", "{4F0CFDDE-A489-4000-B83E-1A3DF7D38126}"
EndProject
Project("{9A19103F-16F7-4668-BE54-9A1E7A4F7556}") = "RentFinder.AppHost", "src\RentFinder.AppHost\RentFinder.AppHost.csproj", "{B0DF63A0-9129-4A00-ABF0-29A03374445B}"
EndProject
Project("{9A19103F-16F7-4668-BE54-9A1E7A4F7556}") = "EventBus", "src\EventBus\EventBus.csproj", "{BE3E78B6-17B2-4B01-B580-91867CB1EF4D}"
EndProject
Project("{9A19103F-16F7-4668-BE54-9A1E7A4F7556}") = "Bookings.Api", "src\Bookings.Api\Bookings.Api.csproj", "{58614B55-7240-4461-BA06-A6C98F8892F0}"
EndProject
Project("{9A19103F-16F7-4668-BE54-9A1E7A4F7556}") = "Bookings.Domain", "src\Bookings.Domain\Bookings.Domain.csproj", "{A02EFE64-C806-4940-9771-3B827AAF1067}"
EndProject
Project("{9A19103F-16F7-4668-BE54-9A1E7A4F7556}") = "Bookings.Infrastructure", "src\Bookings.Infrastructure\Bookings.Infrastructure.csproj", "{885D486B-93C1-4FC8-9EF5-980F6BFFA242}"
EndProject
Project("{9A19103F-16F7-4668-BE54-9A1E7A4F7556}") = "EventBusRabbitMQ", "src\EventBusRabbitMQ\EventBusRabbitMQ.csproj", "{47E2546F-CC86-4E6E-8D95-7B5C646E57B9}"
EndProject
Project("{9A19103F-16F7-4668-BE54-9A1E7A4F7556}") = "Authentication.Api", "src\Authentication.Api\Authentication.Api.csproj", "{9978A56B-23C8-4EBA-ACCD-B256F2BAAF31}"
EndProject
Project("{9A19103F-16F7-4668-BE54-9A1E7A4F7556}") = "RealEstateSearch", "src\RealEstateSearch\RealEstateSearch.csproj", "{642192F3-115F-4B89-B4D6-B22ED624292E}"
EndProject
Project("{9A19103F-16F7-4668-BE54-9A1E7A4F7556}") = "RealEstateSearch.Tests", "tests\RealEstateSearch.Tests\RealEstateSearch.Tests.csproj", "{EE61C931-CFE2-4DE7-81D1-8C387F7F8625}"
EndProject
Project("{9A19103F-16F7-4668-BE54-9A1E7A4F7556}") = "RentFinder.Web.Mvc", "src\RentFinder.Web.Mvc\RentFinder.Web.Mvc.csproj", "{F4F1B4E3-950E-4116-B194-BD9B29B9DF4B}"
	ProjectSection(ProjectDependencies) = postProject
		{58614B55-7240-4461-BA06-A6C98F8892F0} = {58614B55-7240-4461-BA06-A6C98F8892F0}
		{642192F3-115F-4B89-B4D6-B22ED624292E} = {642192F3-115F-4B89-B4D6-B22ED624292E}
		{9978A56B-23C8-4EBA-ACCD-B256F2BAAF31} = {9978A56B-23C8-4EBA-ACCD-B256F2BAAF31}
	EndProjectSection
EndProject
Project("{9A19103F-16F7-4668-BE54-9A1E7A4F7556}") = "PaymentProcessor", "src\PaymentProcessor\PaymentProcessor.csproj", "{CD024F79-3FB8-47A2-968F-135A222A370A}"
EndProject
Project("{9A19103F-16F7-4668-BE54-9A1E7A4F7556}") = "Booking.UnitTests", "tests\Booking.UnitTests\Booking.UnitTests.csproj", "{362196A5-5512-4587-9165-32BD6425C2CF}"
EndProject
Project("{9A19103F-16F7-4668-BE54-9A1E7A4F7556}") = "AuthenticationApi.UnitTests", "tests\AuthenticationApi.UnitTests\AuthenticationApi.UnitTests.csproj", "{A93E1323-05C5-44B4-A14C-EF0CFA7972FD}"
EndProject
Global
	GlobalSection(SolutionConfigurationPlatforms) = preSolution
		Debug|Any CPU = Debug|Any CPU
		Release|Any CPU = Release|Any CPU
	EndGlobalSection
	GlobalSection(ProjectConfigurationPlatforms) = postSolution
		{B0DF63A0-9129-4A00-ABF0-29A03374445B}.Debug|Any CPU.ActiveCfg = Debug|Any CPU
		{B0DF63A0-9129-4A00-ABF0-29A03374445B}.Debug|Any CPU.Build.0 = Debug|Any CPU
		{B0DF63A0-9129-4A00-ABF0-29A03374445B}.Release|Any CPU.ActiveCfg = Release|Any CPU
		{B0DF63A0-9129-4A00-ABF0-29A03374445B}.Release|Any CPU.Build.0 = Release|Any CPU
		{BE3E78B6-17B2-4B01-B580-91867CB1EF4D}.Debug|Any CPU.ActiveCfg = Debug|Any CPU
		{BE3E78B6-17B2-4B01-B580-91867CB1EF4D}.Debug|Any CPU.Build.0 = Debug|Any CPU
		{BE3E78B6-17B2-4B01-B580-91867CB1EF4D}.Release|Any CPU.ActiveCfg = Release|Any CPU
		{BE3E78B6-17B2-4B01-B580-91867CB1EF4D}.Release|Any CPU.Build.0 = Release|Any CPU
		{58614B55-7240-4461-BA06-A6C98F8892F0}.Debug|Any CPU.ActiveCfg = Debug|Any CPU
		{58614B55-7240-4461-BA06-A6C98F8892F0}.Debug|Any CPU.Build.0 = Debug|Any CPU
		{58614B55-7240-4461-BA06-A6C98F8892F0}.Release|Any CPU.ActiveCfg = Release|Any CPU
		{58614B55-7240-4461-BA06-A6C98F8892F0}.Release|Any CPU.Build.0 = Release|Any CPU
		{A02EFE64-C806-4940-9771-3B827AAF1067}.Debug|Any CPU.ActiveCfg = Debug|Any CPU
		{A02EFE64-C806-4940-9771-3B827AAF1067}.Debug|Any CPU.Build.0 = Debug|Any CPU
		{A02EFE64-C806-4940-9771-3B827AAF1067}.Release|Any CPU.ActiveCfg = Release|Any CPU
		{A02EFE64-C806-4940-9771-3B827AAF1067}.Release|Any CPU.Build.0 = Release|Any CPU
		{885D486B-93C1-4FC8-9EF5-980F6BFFA242}.Debug|Any CPU.ActiveCfg = Debug|Any CPU
		{885D486B-93C1-4FC8-9EF5-980F6BFFA242}.Debug|Any CPU.Build.0 = Debug|Any CPU
		{885D486B-93C1-4FC8-9EF5-980F6BFFA242}.Release|Any CPU.ActiveCfg = Release|Any CPU
		{885D486B-93C1-4FC8-9EF5-980F6BFFA242}.Release|Any CPU.Build.0 = Release|Any CPU
		{47E2546F-CC86-4E6E-8D95-7B5C646E57B9}.Debug|Any CPU.ActiveCfg = Debug|Any CPU
		{47E2546F-CC86-4E6E-8D95-7B5C646E57B9}.Debug|Any CPU.Build.0 = Debug|Any CPU
		{47E2546F-CC86-4E6E-8D95-7B5C646E57B9}.Release|Any CPU.ActiveCfg = Release|Any CPU
		{47E2546F-CC86-4E6E-8D95-7B5C646E57B9}.Release|Any CPU.Build.0 = Release|Any CPU
		{9978A56B-23C8-4EBA-ACCD-B256F2BAAF31}.Debug|Any CPU.ActiveCfg = Debug|Any CPU
		{9978A56B-23C8-4EBA-ACCD-B256F2BAAF31}.Debug|Any CPU.Build.0 = Debug|Any CPU
		{9978A56B-23C8-4EBA-ACCD-B256F2BAAF31}.Release|Any CPU.ActiveCfg = Release|Any CPU
		{9978A56B-23C8-4EBA-ACCD-B256F2BAAF31}.Release|Any CPU.Build.0 = Release|Any CPU
		{642192F3-115F-4B89-B4D6-B22ED624292E}.Debug|Any CPU.ActiveCfg = Debug|Any CPU
		{642192F3-115F-4B89-B4D6-B22ED624292E}.Debug|Any CPU.Build.0 = Debug|Any CPU
		{642192F3-115F-4B89-B4D6-B22ED624292E}.Release|Any CPU.ActiveCfg = Release|Any CPU
		{642192F3-115F-4B89-B4D6-B22ED624292E}.Release|Any CPU.Build.0 = Release|Any CPU
		{EE61C931-CFE2-4DE7-81D1-8C387F7F8625}.Debug|Any CPU.ActiveCfg = Debug|Any CPU
		{EE61C931-CFE2-4DE7-81D1-8C387F7F8625}.Debug|Any CPU.Build.0 = Debug|Any CPU
		{EE61C931-CFE2-4DE7-81D1-8C387F7F8625}.Release|Any CPU.ActiveCfg = Release|Any CPU
		{EE61C931-CFE2-4DE7-81D1-8C387F7F8625}.Release|Any CPU.Build.0 = Release|Any CPU
		{F4F1B4E3-950E-4116-B194-BD9B29B9DF4B}.Debug|Any CPU.ActiveCfg = Debug|Any CPU
		{F4F1B4E3-950E-4116-B194-BD9B29B9DF4B}.Debug|Any CPU.Build.0 = Debug|Any CPU
		{F4F1B4E3-950E-4116-B194-BD9B29B9DF4B}.Release|Any CPU.ActiveCfg = Release|Any CPU
		{F4F1B4E3-950E-4116-B194-BD9B29B9DF4B}.Release|Any CPU.Build.0 = Release|Any CPU
		{CD024F79-3FB8-47A2-968F-135A222A370A}.Debug|Any CPU.ActiveCfg = Debug|Any CPU
		{CD024F79-3FB8-47A2-968F-135A222A370A}.Debug|Any CPU.Build.0 = Debug|Any CPU
		{CD024F79-3FB8-47A2-968F-135A222A370A}.Release|Any CPU.ActiveCfg = Release|Any CPU
		{CD024F79-3FB8-47A2-968F-135A222A370A}.Release|Any CPU.Build.0 = Release|Any CPU
		{362196A5-5512-4587-9165-32BD6425C2CF}.Debug|Any CPU.ActiveCfg = Debug|Any CPU
		{362196A5-5512-4587-9165-32BD6425C2CF}.Debug|Any CPU.Build.0 = Debug|Any CPU
		{362196A5-5512-4587-9165-32BD6425C2CF}.Release|Any CPU.ActiveCfg = Release|Any CPU
		{362196A5-5512-4587-9165-32BD6425C2CF}.Release|Any CPU.Build.0 = Release|Any CPU
		{A93E1323-05C5-44B4-A14C-EF0CFA7972FD}.Debug|Any CPU.ActiveCfg = Debug|Any CPU
		{A93E1323-05C5-44B4-A14C-EF0CFA7972FD}.Debug|Any CPU.Build.0 = Debug|Any CPU
		{A93E1323-05C5-44B4-A14C-EF0CFA7972FD}.Release|Any CPU.ActiveCfg = Release|Any CPU
		{A93E1323-05C5-44B4-A14C-EF0CFA7972FD}.Release|Any CPU.Build.0 = Release|Any CPU
	EndGlobalSection
	GlobalSection(SolutionProperties) = preSolution
		HideSolutionNode = FALSE
	EndGlobalSection
	GlobalSection(NestedProjects) = preSolution
		{B0DF63A0-9129-4A00-ABF0-29A03374445B} = {77703A94-AC58-49CF-B473-58CD4C434768}
		{BE3E78B6-17B2-4B01-B580-91867CB1EF4D} = {77703A94-AC58-49CF-B473-58CD4C434768}
		{58614B55-7240-4461-BA06-A6C98F8892F0} = {77703A94-AC58-49CF-B473-58CD4C434768}
		{A02EFE64-C806-4940-9771-3B827AAF1067} = {77703A94-AC58-49CF-B473-58CD4C434768}
		{885D486B-93C1-4FC8-9EF5-980F6BFFA242} = {77703A94-AC58-49CF-B473-58CD4C434768}
		{47E2546F-CC86-4E6E-8D95-7B5C646E57B9} = {77703A94-AC58-49CF-B473-58CD4C434768}
		{9978A56B-23C8-4EBA-ACCD-B256F2BAAF31} = {77703A94-AC58-49CF-B473-58CD4C434768}
		{642192F3-115F-4B89-B4D6-B22ED624292E} = {77703A94-AC58-49CF-B473-58CD4C434768}
		{EE61C931-CFE2-4DE7-81D1-8C387F7F8625} = {4F0CFDDE-A489-4000-B83E-1A3DF7D38126}
		{F4F1B4E3-950E-4116-B194-BD9B29B9DF4B} = {77703A94-AC58-49CF-B473-58CD4C434768}
		{CD024F79-3FB8-47A2-968F-135A222A370A} = {77703A94-AC58-49CF-B473-58CD4C434768}
		{362196A5-5512-4587-9165-32BD6425C2CF} = {4F0CFDDE-A489-4000-B83E-1A3DF7D38126}
		{A93E1323-05C5-44B4-A14C-EF0CFA7972FD} = {4F0CFDDE-A489-4000-B83E-1A3DF7D38126}
	EndGlobalSection
	GlobalSection(ExtensibilityGlobals) = postSolution
		SolutionGuid = {0011511B-C029-47C0-99A6-15AC18990E86}
	EndGlobalSection
EndGlobal
